# This file is automatically @generated by Cargo.
# It is not intended for manual editing.
version = 4

[[package]]
name = "dov-channel"
version = "0.1.0"
dependencies = [
 "dov-codec",
]

[[package]]
name = "dov-codec"
version = "0.1.0"

[[package]]
name = "dov-frame"
version = "0.1.0"

[[package]]
name = "dov-harness"
version = "0.1.0"
dependencies = [
 "dov-channel",
 "dov-codec",
 "dov-frame",
 "dov-io",
 "dov-modem",
]

[[package]]
name = "dov-io"
version = "0.1.0"

[[package]]
name = "dov-modem"
version = "0.1.0"
